// !$*UTF8*$!
{
	archiveVersion = 1;
	classes = {
	};
	objectVersion = 45;
	objects = {

/* Begin PBXBuildFile section */
		563D5F8B11ADB76A00ED57C4 /* OpenGL.framework in Frameworks */ = {isa = PBXBuildFile; fileRef = 563D5F8A11ADB76A00ED57C4 /* OpenGL.framework */; };
		56C5581211E2FE7000B40942 /* libhge.a in Frameworks */ = {isa = PBXBuildFile; fileRef = 56C5580B11E2FE6900B40942 /* libhge.a */; };
		56C5581311E2FE7200B40942 /* libhgehelp.a in Frameworks */ = {isa = PBXBuildFile; fileRef = 56C5581111E2FE6900B40942 /* libhgehelp.a */; };
		56C5581F11E2FE9D00B40942 /* libcore.a in Frameworks */ = {isa = PBXBuildFile; fileRef = 56C5581E11E2FE9700B40942 /* libcore.a */; };
		56C5586B11E2FF3400B40942 /* libzlib.a in Frameworks */ = {isa = PBXBuildFile; fileRef = 56C5586A11E2FF3200B40942 /* libzlib.a */; };
		8D11072B0486CEB800E47090 /* InfoPlist.strings in Resources */ = {isa = PBXBuildFile; fileRef = 089C165CFE840E0CC02AAC07 /* InfoPlist.strings */; };
		8D11072D0486CEB800E47090 /* main.mm in Sources */ = {isa = PBXBuildFile; fileRef = 29B97316FDCFA39411CA2CEA /* main.mm */; settings = {ATTRIBUTES = (); }; };
		8D11072F0486CEB800E47090 /* Cocoa.framework in Frameworks */ = {isa = PBXBuildFile; fileRef = 1058C7A1FEA54F0111CA2CBB /* Cocoa.framework */; };
/* End PBXBuildFile section */

/* Begin PBXContainerItemProxy section */
		56C5580A11E2FE6900B40942 /* PBXContainerItemProxy */ = {
			isa = PBXContainerItemProxy;
			containerPortal = 56C5580011E2FE6900B40942 /* hge.xcodeproj */;
			proxyType = 2;
			remoteGlobalIDString = D2AAC07E0554694100DB518D;
			remoteInfo = hge;
		};
		56C5581011E2FE6900B40942 /* PBXContainerItemProxy */ = {
			isa = PBXContainerItemProxy;
			containerPortal = 56C5580311E2FE6900B40942 /* hgehelp.xcodeproj */;
			proxyType = 2;
			remoteGlobalIDString = D2AAC046055464E500DB518D;
			remoteInfo = hgehelp;
		};
		56C5581D11E2FE9700B40942 /* PBXContainerItemProxy */ = {
			isa = PBXContainerItemProxy;
			containerPortal = 56C5581611E2FE9700B40942 /* core.xcodeproj */;
			proxyType = 2;
			remoteGlobalIDString = D2AAC046055464E500DB518D;
			remoteInfo = core;
		};
		56C5586911E2FF3200B40942 /* PBXContainerItemProxy */ = {
			isa = PBXContainerItemProxy;
			containerPortal = 56C5586211E2FF3200B40942 /* zlib.xcodeproj */;
			proxyType = 2;
			remoteGlobalIDString = D2AAC046055464E500DB518D;
			remoteInfo = zlib;
		};
/* End PBXContainerItemProxy section */

/* Begin PBXFileReference section */
		089C165DFE840E0CC02AAC07 /* English */ = {isa = PBXFileReference; fileEncoding = 4; lastKnownFileType = text.plist.strings; name = English; path = English.lproj/InfoPlist.strings; sourceTree = "<group>"; };
		1058C7A1FEA54F0111CA2CBB /* Cocoa.framework */ = {isa = PBXFileReference; lastKnownFileType = wrapper.framework; name = Cocoa.framework; path = /System/Library/Frameworks/Cocoa.framework; sourceTree = "<absolute>"; };
		13E42FB307B3F0F600E4EEF1 /* CoreData.framework */ = {isa = PBXFileReference; lastKnownFileType = wrapper.framework; name = CoreData.framework; path = /System/Library/Frameworks/CoreData.framework; sourceTree = "<absolute>"; };
		256AC3F00F4B6AF500CF3369 /* tutorial01_Prefix.pch */ = {isa = PBXFileReference; fileEncoding = 4; lastKnownFileType = sourcecode.c.h; path = tutorial01_Prefix.pch; sourceTree = "<group>"; };
		29B97316FDCFA39411CA2CEA /* main.mm */ = {isa = PBXFileReference; fileEncoding = 4; lastKnownFileType = sourcecode.cpp.objcpp; path = main.mm; sourceTree = "<group>"; };
		29B97324FDCFA39411CA2CEA /* AppKit.framework */ = {isa = PBXFileReference; lastKnownFileType = wrapper.framework; name = AppKit.framework; path = /System/Library/Frameworks/AppKit.framework; sourceTree = "<absolute>"; };
		29B97325FDCFA39411CA2CEA /* Foundation.framework */ = {isa = PBXFileReference; lastKnownFileType = wrapper.framework; name = Foundation.framework; path = /System/Library/Frameworks/Foundation.framework; sourceTree = "<absolute>"; };
		563D5F8A11ADB76A00ED57C4 /* OpenGL.framework */ = {isa = PBXFileReference; lastKnownFileType = wrapper.framework; name = OpenGL.framework; path = System/Library/Frameworks/OpenGL.framework; sourceTree = SDKROOT; };
		56C5580011E2FE6900B40942 /* hge.xcodeproj */ = {isa = PBXFileReference; lastKnownFileType = "wrapper.pb-project"; name = hge.xcodeproj; path = ../../../../wharf/third_party/hge/xcode/hge.xcodeproj; sourceTree = SOURCE_ROOT; };
		56C5580311E2FE6900B40942 /* hgehelp.xcodeproj */ = {isa = PBXFileReference; lastKnownFileType = "wrapper.pb-project"; name = hgehelp.xcodeproj; path = ../../../../wharf/third_party/hge/xcode/hgehelp.xcodeproj; sourceTree = SOURCE_ROOT; };
		56C5581611E2FE9700B40942 /* core.xcodeproj */ = {isa = PBXFileReference; lastKnownFileType = "wrapper.pb-project"; name = core.xcodeproj; path = ../../../../wharf/source/core/core.xcodeproj; sourceTree = SOURCE_ROOT; };
		56C5586211E2FF3200B40942 /* zlib.xcodeproj */ = {isa = PBXFileReference; lastKnownFileType = "wrapper.pb-project"; name = zlib.xcodeproj; path = ../../../../wharf/third_party/zlib/xcode/zlib.xcodeproj; sourceTree = SOURCE_ROOT; };
		8D1107310486CEB800E47090 /* tutorial01-Info.plist */ = {isa = PBXFileReference; fileEncoding = 4; lastKnownFileType = text.plist.xml; path = "tutorial01-Info.plist"; sourceTree = "<group>"; };
		8D1107320486CEB800E47090 /* tutorial01.app */ = {isa = PBXFileReference; explicitFileType = wrapper.application; includeInIndex = 0; path = tutorial01.app; sourceTree = BUILT_PRODUCTS_DIR; };
/* End PBXFileReference section */

/* Begin PBXFrameworksBuildPhase section */
		8D11072E0486CEB800E47090 /* Frameworks */ = {
			isa = PBXFrameworksBuildPhase;
			buildActionMask = 2147483647;
			files = (
				8D11072F0486CEB800E47090 /* Cocoa.framework in Frameworks */,
				563D5F8B11ADB76A00ED57C4 /* OpenGL.framework in Frameworks */,
				56C5581211E2FE7000B40942 /* libhge.a in Frameworks */,
				56C5581311E2FE7200B40942 /* libhgehelp.a in Frameworks */,
				56C5581F11E2FE9D00B40942 /* libcore.a in Frameworks */,
				56C5586B11E2FF3400B40942 /* libzlib.a in Frameworks */,
			);
			runOnlyForDeploymentPostprocessing = 0;
		};
/* End PBXFrameworksBuildPhase section */

/* Begin PBXGroup section */
		1058C7A0FEA54F0111CA2CBB /* Linked Frameworks */ = {
			isa = PBXGroup;
			children = (
				1058C7A1FEA54F0111CA2CBB /* Cocoa.framework */,
			);
			name = "Linked Frameworks";
			sourceTree = "<group>";
		};
		1058C7A2FEA54F0111CA2CBB /* Other Frameworks */ = {
			isa = PBXGroup;
			children = (
				563D5F8A11ADB76A00ED57C4 /* OpenGL.framework */,
				29B97324FDCFA39411CA2CEA /* AppKit.framework */,
				13E42FB307B3F0F600E4EEF1 /* CoreData.framework */,
				29B97325FDCFA39411CA2CEA /* Foundation.framework */,
			);
			name = "Other Frameworks";
			sourceTree = "<group>";
		};
		19C28FACFE9D520D11CA2CBB /* Products */ = {
			isa = PBXGroup;
			children = (
				8D1107320486CEB800E47090 /* tutorial01.app */,
			);
			name = Products;
			sourceTree = "<group>";
		};
		29B97314FDCFA39411CA2CEA /* tutorial01 */ = {
			isa = PBXGroup;
			children = (
				566468DC11DD25F00018A9F4 /* wharf */,
				29B97315FDCFA39411CA2CEA /* Other Sources */,
				29B97317FDCFA39411CA2CEA /* Resources */,
				29B97323FDCFA39411CA2CEA /* Frameworks */,
				19C28FACFE9D520D11CA2CBB /* Products */,
			);
			name = tutorial01;
			sourceTree = "<group>";
		};
		29B97315FDCFA39411CA2CEA /* Other Sources */ = {
			isa = PBXGroup;
			children = (
				256AC3F00F4B6AF500CF3369 /* tutorial01_Prefix.pch */,
				29B97316FDCFA39411CA2CEA /* main.mm */,
			);
			name = "Other Sources";
			sourceTree = "<group>";
		};
		29B97317FDCFA39411CA2CEA /* Resources */ = {
			isa = PBXGroup;
			children = (
				8D1107310486CEB800E47090 /* tutorial01-Info.plist */,
				089C165CFE840E0CC02AAC07 /* InfoPlist.strings */,
			);
			name = Resources;
			sourceTree = "<group>";
		};
		29B97323FDCFA39411CA2CEA /* Frameworks */ = {
			isa = PBXGroup;
			children = (
				1058C7A0FEA54F0111CA2CBB /* Linked Frameworks */,
				1058C7A2FEA54F0111CA2CBB /* Other Frameworks */,
			);
			name = Frameworks;
			sourceTree = "<group>";
		};
		566468DC11DD25F00018A9F4 /* wharf */ = {
			isa = PBXGroup;
			children = (
				56C5586211E2FF3200B40942 /* zlib.xcodeproj */,
				56C5581611E2FE9700B40942 /* core.xcodeproj */,
				56C5580011E2FE6900B40942 /* hge.xcodeproj */,
				56C5580311E2FE6900B40942 /* hgehelp.xcodeproj */,
			);
			name = wharf;
			sourceTree = "<group>";
		};
		56C5580111E2FE6900B40942 /* Products */ = {
			isa = PBXGroup;
			children = (
				56C5580B11E2FE6900B40942 /* libhge.a */,
			);
			name = Products;
			sourceTree = "<group>";
		};
		56C5580411E2FE6900B40942 /* Products */ = {
			isa = PBXGroup;
			children = (
				56C5581111E2FE6900B40942 /* libhgehelp.a */,
			);
			name = Products;
			sourceTree = "<group>";
		};
		56C5581711E2FE9700B40942 /* Products */ = {
			isa = PBXGroup;
			children = (
				56C5581E11E2FE9700B40942 /* libcore.a */,
			);
			name = Products;
			sourceTree = "<group>";
		};
		56C5586311E2FF3200B40942 /* Products */ = {
			isa = PBXGroup;
			children = (
				56C5586A11E2FF3200B40942 /* libzlib.a */,
			);
			name = Products;
			sourceTree = "<group>";
		};
/* End PBXGroup section */

/* Begin PBXNativeTarget section */
		8D1107260486CEB800E47090 /* tutorial01 */ = {
			isa = PBXNativeTarget;
			buildConfigurationList = C01FCF4A08A954540054247B /* Build configuration list for PBXNativeTarget "tutorial01" */;
			buildPhases = (
				5624C29C11C03420001B9281 /* ShellScript */,
				8D1107290486CEB800E47090 /* Resources */,
				8D11072C0486CEB800E47090 /* Sources */,
				8D11072E0486CEB800E47090 /* Frameworks */,
			);
			buildRules = (
			);
			dependencies = (
			);
			name = tutorial01;
			productInstallPath = "$(HOME)/Applications";
			productName = tutorial01;
			productReference = 8D1107320486CEB800E47090 /* tutorial01.app */;
			productType = "com.apple.product-type.application";
		};
/* End PBXNativeTarget section */

/* Begin PBXProject section */
		29B97313FDCFA39411CA2CEA /* Project object */ = {
			isa = PBXProject;
			buildConfigurationList = C01FCF4E08A954540054247B /* Build configuration list for PBXProject "tutorial01" */;
			compatibilityVersion = "Xcode 3.1";
			developmentRegion = English;
			hasScannedForEncodings = 1;
			knownRegions = (
				English,
				Japanese,
				French,
				German,
			);
			mainGroup = 29B97314FDCFA39411CA2CEA /* tutorial01 */;
			projectDirPath = "";
			projectReferences = (
				{
					ProductGroup = 56C5581711E2FE9700B40942 /* Products */;
					ProjectRef = 56C5581611E2FE9700B40942 /* core.xcodeproj */;
				},
				{
					ProductGroup = 56C5580111E2FE6900B40942 /* Products */;
					ProjectRef = 56C5580011E2FE6900B40942 /* hge.xcodeproj */;
				},
				{
					ProductGroup = 56C5580411E2FE6900B40942 /* Products */;
					ProjectRef = 56C5580311E2FE6900B40942 /* hgehelp.xcodeproj */;
				},
				{
					ProductGroup = 56C5586311E2FF3200B40942 /* Products */;
					ProjectRef = 56C5586211E2FF3200B40942 /* zlib.xcodeproj */;
				},
			);
			projectRoot = "";
			targets = (
				8D1107260486CEB800E47090 /* tutorial01 */,
			);
		};
/* End PBXProject section */

/* Begin PBXReferenceProxy section */
		56C5580B11E2FE6900B40942 /* libhge.a */ = {
			isa = PBXReferenceProxy;
			fileType = archive.ar;
			path = libhge.a;
			remoteRef = 56C5580A11E2FE6900B40942 /* PBXContainerItemProxy */;
			sourceTree = BUILT_PRODUCTS_DIR;
		};
		56C5581111E2FE6900B40942 /* libhgehelp.a */ = {
			isa = PBXReferenceProxy;
			fileType = archive.ar;
			path = libhgehelp.a;
			remoteRef = 56C5581011E2FE6900B40942 /* PBXContainerItemProxy */;
			sourceTree = BUILT_PRODUCTS_DIR;
		};
		56C5581E11E2FE9700B40942 /* libcore.a */ = {
			isa = PBXReferenceProxy;
			fileType = archive.ar;
			path = libcore.a;
			remoteRef = 56C5581D11E2FE9700B40942 /* PBXContainerItemProxy */;
			sourceTree = BUILT_PRODUCTS_DIR;
		};
		56C5586A11E2FF3200B40942 /* libzlib.a */ = {
			isa = PBXReferenceProxy;
			fileType = archive.ar;
			path = libzlib.a;
			remoteRef = 56C5586911E2FF3200B40942 /* PBXContainerItemProxy */;
			sourceTree = BUILT_PRODUCTS_DIR;
		};
/* End PBXReferenceProxy section */

/* Begin PBXResourcesBuildPhase section */
		8D1107290486CEB800E47090 /* Resources */ = {
			isa = PBXResourcesBuildPhase;
			buildActionMask = 2147483647;
			files = (
				8D11072B0486CEB800E47090 /* InfoPlist.strings in Resources */,
			);
			runOnlyForDeploymentPostprocessing = 0;
		};
/* End PBXResourcesBuildPhase section */

/* Begin PBXShellScriptBuildPhase section */
		5624C29C11C03420001B9281 /* ShellScript */ = {
			isa = PBXShellScriptBuildPhase;
			buildActionMask = 2147483647;
			files = (
			);
			inputPaths = (
			);
			outputPaths = (
			);
			runOnlyForDeploymentPostprocessing = 0;
			shellPath = /bin/sh;
			shellScript = "xcodebuild -project ../../../../wharf/source/core/core.xcodeproj -configuration ${CONFIGURATION}\nxcodebuild -project ../../../../wharf/third_party/zlib/xcode/zlib.xcodeproj -configuration ${CONFIGURATION}\nxcodebuild -project ../../../../wharf/third_party/hge/xcode/hge.xcodeproj -configuration ${CONFIGURATION}\nxcodebuild -project ../../../../wharf/third_party/hge/xcode/hgehelp.xcodeproj -configuration ${CONFIGURATION}\n";
		};
/* End PBXShellScriptBuildPhase section */

/* Begin PBXSourcesBuildPhase section */
		8D11072C0486CEB800E47090 /* Sources */ = {
			isa = PBXSourcesBuildPhase;
			buildActionMask = 2147483647;
			files = (
				8D11072D0486CEB800E47090 /* main.mm in Sources */,
			);
			runOnlyForDeploymentPostprocessing = 0;
		};
/* End PBXSourcesBuildPhase section */

/* Begin PBXVariantGroup section */
		089C165CFE840E0CC02AAC07 /* InfoPlist.strings */ = {
			isa = PBXVariantGroup;
			children = (
				089C165DFE840E0CC02AAC07 /* English */,
			);
			name = InfoPlist.strings;
			sourceTree = "<group>";
		};
/* End PBXVariantGroup section */

/* Begin XCBuildConfiguration section */
		C01FCF4B08A954540054247B /* Debug */ = {
			isa = XCBuildConfiguration;
			buildSettings = {
				ALWAYS_SEARCH_USER_PATHS = NO;
				COPY_PHASE_STRIP = NO;
				GCC_DYNAMIC_NO_PIC = NO;
				GCC_ENABLE_FIX_AND_CONTINUE = YES;
				GCC_MODEL_TUNING = G5;
				GCC_OPTIMIZATION_LEVEL = 0;
				GCC_PRECOMPILE_PREFIX_HEADER = YES;
				GCC_PREFIX_HEADER = tutorial01_Prefix.pch;
				INFOPLIST_FILE = "tutorial01-Info.plist";
				INSTALL_PATH = "$(HOME)/Applications";
				LIBRARY_SEARCH_PATHS = (
					"$(inherited)",
					"\"$(SRCROOT)/../../../lib/OSX\"",
				);
				PRODUCT_NAME = tutorial01;
			};
			name = Debug;
		};
		C01FCF4C08A954540054247B /* Release */ = {
			isa = XCBuildConfiguration;
			buildSettings = {
				ALWAYS_SEARCH_USER_PATHS = NO;
				DEBUG_INFORMATION_FORMAT = "dwarf-with-dsym";
				GCC_MODEL_TUNING = G5;
				GCC_PRECOMPILE_PREFIX_HEADER = YES;
				GCC_PREFIX_HEADER = tutorial01_Prefix.pch;
				INFOPLIST_FILE = "tutorial01-Info.plist";
				INSTALL_PATH = "$(HOME)/Applications";
				LIBRARY_SEARCH_PATHS = (
					"$(inherited)",
					"\"$(SRCROOT)/../../../lib/OSX\"",
				);
				PRODUCT_NAME = tutorial01;
			};
			name = Release;
		};
		C01FCF4F08A954540054247B /* Debug */ = {
			isa = XCBuildConfiguration;
			buildSettings = {
				ARCHS = "$(ARCHS_STANDARD_32_64_BIT)";
				GCC_C_LANGUAGE_STANDARD = gnu99;
				GCC_OPTIMIZATION_LEVEL = 0;
				GCC_WARN_ABOUT_RETURN_TYPE = YES;
				GCC_WARN_UNUSED_VARIABLE = YES;
				HEADER_SEARCH_PATHS = (
					../../../../wharf/third_party,
					../../../../wharf/source,
				);
				ONLY_ACTIVE_ARCH = YES;
				PREBINDING = NO;
				SDKROOT = macosx10.5;
			};
			name = Debug;
		};
		C01FCF5008A954540054247B /* Release */ = {
			isa = XCBuildConfiguration;
			buildSettings = {
				ARCHS = "$(ARCHS_STANDARD_32_64_BIT)";
				GCC_C_LANGUAGE_STANDARD = gnu99;
				GCC_WARN_ABOUT_RETURN_TYPE = YES;
				GCC_WARN_UNUSED_VARIABLE = YES;
				HEADER_SEARCH_PATHS = (
					../../../../wharf/third_party,
					../../../../wharf/source,
				);
				PREBINDING = NO;
				SDKROOT = macosx10.5;
			};
			name = Release;
		};
/* End XCBuildConfiguration section */

/* Begin XCConfigurationList section */
		C01FCF4A08A954540054247B /* Build configuration list for PBXNativeTarget "tutorial01" */ = {
			isa = XCConfigurationList;
			buildConfigurations = (
				C01FCF4B08A954540054247B /* Debug */,
				C01FCF4C08A954540054247B /* Release */,
			);
			defaultConfigurationIsVisible = 0;
			defaultConfigurationName = Release;
		};
		C01FCF4E08A954540054247B /* Build configuration list for PBXProject "tutorial01" */ = {
			isa = XCConfigurationList;
			buildConfigurations = (
				C01FCF4F08A954540054247B /* Debug */,
				C01FCF5008A954540054247B /* Release */,
			);
			defaultConfigurationIsVisible = 0;
			defaultConfigurationName = Release;
		};
/* End XCConfigurationList section */
	};
	rootObject = 29B97313FDCFA39411CA2CEA /* Project object */;
}
