// !$*UTF8*$!
{
	archiveVersion = 1;
	classes = {
	};
	objectVersion = 45;
	objects = {

/* Begin PBXBuildFile section */
		56646D1A11DD47090018A9F4 /* hgeanim.cpp in Sources */ = {isa = PBXBuildFile; fileRef = 56646D0911DD47090018A9F4 /* hgeanim.cpp */; };
		56646D1B11DD47090018A9F4 /* hgecolor.cpp in Sources */ = {isa = PBXBuildFile; fileRef = 56646D0A11DD47090018A9F4 /* hgecolor.cpp */; };
		56646D1C11DD47090018A9F4 /* hgedistort.cpp in Sources */ = {isa = PBXBuildFile; fileRef = 56646D0B11DD47090018A9F4 /* hgedistort.cpp */; };
		56646D1D11DD47090018A9F4 /* hgefont.cpp in Sources */ = {isa = PBXBuildFile; fileRef = 56646D0C11DD47090018A9F4 /* hgefont.cpp */; };
		56646D1E11DD47090018A9F4 /* hgegui.cpp in Sources */ = {isa = PBXBuildFile; fileRef = 56646D0D11DD47090018A9F4 /* hgegui.cpp */; };
		56646D1F11DD47090018A9F4 /* hgeguictrls.cpp in Sources */ = {isa = PBXBuildFile; fileRef = 56646D0E11DD47090018A9F4 /* hgeguictrls.cpp */; };
		56646D2011DD47090018A9F4 /* hgeparticle.cpp in Sources */ = {isa = PBXBuildFile; fileRef = 56646D0F11DD47090018A9F4 /* hgeparticle.cpp */; };
		56646D2111DD47090018A9F4 /* hgepmanager.cpp in Sources */ = {isa = PBXBuildFile; fileRef = 56646D1011DD47090018A9F4 /* hgepmanager.cpp */; };
		56646D2211DD47090018A9F4 /* hgerect.cpp in Sources */ = {isa = PBXBuildFile; fileRef = 56646D1111DD47090018A9F4 /* hgerect.cpp */; };
		56646D2311DD47090018A9F4 /* hgeresource.cpp in Sources */ = {isa = PBXBuildFile; fileRef = 56646D1211DD47090018A9F4 /* hgeresource.cpp */; };
		56646D2411DD47090018A9F4 /* hgesprite.cpp in Sources */ = {isa = PBXBuildFile; fileRef = 56646D1311DD47090018A9F4 /* hgesprite.cpp */; };
		56646D2511DD47090018A9F4 /* hgestrings.cpp in Sources */ = {isa = PBXBuildFile; fileRef = 56646D1411DD47090018A9F4 /* hgestrings.cpp */; };
		56646D2611DD47090018A9F4 /* hgevector.cpp in Sources */ = {isa = PBXBuildFile; fileRef = 56646D1511DD47090018A9F4 /* hgevector.cpp */; };
		56646D2711DD47090018A9F4 /* parser.cpp in Sources */ = {isa = PBXBuildFile; fileRef = 56646D1611DD47090018A9F4 /* parser.cpp */; };
		56646D2811DD47090018A9F4 /* parser.h in Headers */ = {isa = PBXBuildFile; fileRef = 56646D1711DD47090018A9F4 /* parser.h */; };
		56646D2911DD47090018A9F4 /* resources.cpp in Sources */ = {isa = PBXBuildFile; fileRef = 56646D1811DD47090018A9F4 /* resources.cpp */; };
		56646D2A11DD47090018A9F4 /* resources.h in Headers */ = {isa = PBXBuildFile; fileRef = 56646D1911DD47090018A9F4 /* resources.h */; };
/* End PBXBuildFile section */

/* Begin PBXFileReference section */
		56646D0911DD47090018A9F4 /* hgeanim.cpp */ = {isa = PBXFileReference; fileEncoding = 4; lastKnownFileType = sourcecode.cpp.cpp; name = hgeanim.cpp; path = ../helpers/hgeanim.cpp; sourceTree = "<group>"; };
		56646D0A11DD47090018A9F4 /* hgecolor.cpp */ = {isa = PBXFileReference; fileEncoding = 4; lastKnownFileType = sourcecode.cpp.cpp; name = hgecolor.cpp; path = ../helpers/hgecolor.cpp; sourceTree = "<group>"; };
		56646D0B11DD47090018A9F4 /* hgedistort.cpp */ = {isa = PBXFileReference; fileEncoding = 4; lastKnownFileType = sourcecode.cpp.cpp; name = hgedistort.cpp; path = ../helpers/hgedistort.cpp; sourceTree = "<group>"; };
		56646D0C11DD47090018A9F4 /* hgefont.cpp */ = {isa = PBXFileReference; fileEncoding = 4; lastKnownFileType = sourcecode.cpp.cpp; name = hgefont.cpp; path = ../helpers/hgefont.cpp; sourceTree = "<group>"; };
		56646D0D11DD47090018A9F4 /* hgegui.cpp */ = {isa = PBXFileReference; fileEncoding = 4; lastKnownFileType = sourcecode.cpp.cpp; name = hgegui.cpp; path = ../helpers/hgegui.cpp; sourceTree = "<group>"; };
		56646D0E11DD47090018A9F4 /* hgeguictrls.cpp */ = {isa = PBXFileReference; fileEncoding = 4; lastKnownFileType = sourcecode.cpp.cpp; name = hgeguictrls.cpp; path = ../helpers/hgeguictrls.cpp; sourceTree = "<group>"; };
		56646D0F11DD47090018A9F4 /* hgeparticle.cpp */ = {isa = PBXFileReference; fileEncoding = 4; lastKnownFileType = sourcecode.cpp.cpp; name = hgeparticle.cpp; path = ../helpers/hgeparticle.cpp; sourceTree = "<group>"; };
		56646D1011DD47090018A9F4 /* hgepmanager.cpp */ = {isa = PBXFileReference; fileEncoding = 4; lastKnownFileType = sourcecode.cpp.cpp; name = hgepmanager.cpp; path = ../helpers/hgepmanager.cpp; sourceTree = "<group>"; };
		56646D1111DD47090018A9F4 /* hgerect.cpp */ = {isa = PBXFileReference; fileEncoding = 4; lastKnownFileType = sourcecode.cpp.cpp; name = hgerect.cpp; path = ../helpers/hgerect.cpp; sourceTree = "<group>"; };
		56646D1211DD47090018A9F4 /* hgeresource.cpp */ = {isa = PBXFileReference; fileEncoding = 4; lastKnownFileType = sourcecode.cpp.cpp; name = hgeresource.cpp; path = ../helpers/hgeresource.cpp; sourceTree = "<group>"; };
		56646D1311DD47090018A9F4 /* hgesprite.cpp */ = {isa = PBXFileReference; fileEncoding = 4; lastKnownFileType = sourcecode.cpp.cpp; name = hgesprite.cpp; path = ../helpers/hgesprite.cpp; sourceTree = "<group>"; };
		56646D1411DD47090018A9F4 /* hgestrings.cpp */ = {isa = PBXFileReference; fileEncoding = 4; lastKnownFileType = sourcecode.cpp.cpp; name = hgestrings.cpp; path = ../helpers/hgestrings.cpp; sourceTree = "<group>"; };
		56646D1511DD47090018A9F4 /* hgevector.cpp */ = {isa = PBXFileReference; fileEncoding = 4; lastKnownFileType = sourcecode.cpp.cpp; name = hgevector.cpp; path = ../helpers/hgevector.cpp; sourceTree = "<group>"; };
		56646D1611DD47090018A9F4 /* parser.cpp */ = {isa = PBXFileReference; fileEncoding = 4; lastKnownFileType = sourcecode.cpp.cpp; name = parser.cpp; path = ../helpers/parser.cpp; sourceTree = "<group>"; };
		56646D1711DD47090018A9F4 /* parser.h */ = {isa = PBXFileReference; fileEncoding = 4; lastKnownFileType = sourcecode.c.h; name = parser.h; path = ../helpers/parser.h; sourceTree = "<group>"; };
		56646D1811DD47090018A9F4 /* resources.cpp */ = {isa = PBXFileReference; fileEncoding = 4; lastKnownFileType = sourcecode.cpp.cpp; name = resources.cpp; path = ../helpers/resources.cpp; sourceTree = "<group>"; };
		56646D1911DD47090018A9F4 /* resources.h */ = {isa = PBXFileReference; fileEncoding = 4; lastKnownFileType = sourcecode.c.h; name = resources.h; path = ../helpers/resources.h; sourceTree = "<group>"; };
		D2AAC046055464E500DB518D /* libhgehelp.a */ = {isa = PBXFileReference; explicitFileType = archive.ar; includeInIndex = 0; path = libhgehelp.a; sourceTree = BUILT_PRODUCTS_DIR; };
/* End PBXFileReference section */

/* Begin PBXFrameworksBuildPhase section */
		D289987405E68DCB004EDB86 /* Frameworks */ = {
			isa = PBXFrameworksBuildPhase;
			buildActionMask = 2147483647;
			files = (
			);
			runOnlyForDeploymentPostprocessing = 0;
		};
/* End PBXFrameworksBuildPhase section */

/* Begin PBXGroup section */
		08FB7794FE84155DC02AAC07 /* hgehelp */ = {
			isa = PBXGroup;
			children = (
				56646D0911DD47090018A9F4 /* hgeanim.cpp */,
				56646D0A11DD47090018A9F4 /* hgecolor.cpp */,
				56646D0B11DD47090018A9F4 /* hgedistort.cpp */,
				56646D0C11DD47090018A9F4 /* hgefont.cpp */,
				56646D0D11DD47090018A9F4 /* hgegui.cpp */,
				56646D0E11DD47090018A9F4 /* hgeguictrls.cpp */,
				56646D0F11DD47090018A9F4 /* hgeparticle.cpp */,
				56646D1011DD47090018A9F4 /* hgepmanager.cpp */,
				56646D1111DD47090018A9F4 /* hgerect.cpp */,
				56646D1211DD47090018A9F4 /* hgeresource.cpp */,
				56646D1311DD47090018A9F4 /* hgesprite.cpp */,
				56646D1411DD47090018A9F4 /* hgestrings.cpp */,
				56646D1511DD47090018A9F4 /* hgevector.cpp */,
				56646D1611DD47090018A9F4 /* parser.cpp */,
				56646D1711DD47090018A9F4 /* parser.h */,
				56646D1811DD47090018A9F4 /* resources.cpp */,
				56646D1911DD47090018A9F4 /* resources.h */,
				1AB674ADFE9D54B511CA2CBB /* Products */,
			);
			name = hgehelp;
			sourceTree = "<group>";
		};
		1AB674ADFE9D54B511CA2CBB /* Products */ = {
			isa = PBXGroup;
			children = (
				D2AAC046055464E500DB518D /* libhgehelp.a */,
			);
			name = Products;
			sourceTree = "<group>";
		};
/* End PBXGroup section */

/* Begin PBXHeadersBuildPhase section */
		D2AAC043055464E500DB518D /* Headers */ = {
			isa = PBXHeadersBuildPhase;
			buildActionMask = 2147483647;
			files = (
				56646D2811DD47090018A9F4 /* parser.h in Headers */,
				56646D2A11DD47090018A9F4 /* resources.h in Headers */,
			);
			runOnlyForDeploymentPostprocessing = 0;
		};
/* End PBXHeadersBuildPhase section */

/* Begin PBXNativeTarget section */
		D2AAC045055464E500DB518D /* hgehelp */ = {
			isa = PBXNativeTarget;
			buildConfigurationList = 1DEB91EB08733DB70010E9CD /* Build configuration list for PBXNativeTarget "hgehelp" */;
			buildPhases = (
				D2AAC043055464E500DB518D /* Headers */,
				D2AAC044055464E500DB518D /* Sources */,
				D289987405E68DCB004EDB86 /* Frameworks */,
			);
			buildRules = (
			);
			dependencies = (
			);
			name = hgehelp;
			productName = hgehelp;
			productReference = D2AAC046055464E500DB518D /* libhgehelp.a */;
			productType = "com.apple.product-type.library.static";
		};
/* End PBXNativeTarget section */

/* Begin PBXProject section */
		08FB7793FE84155DC02AAC07 /* Project object */ = {
			isa = PBXProject;
			buildConfigurationList = 1DEB91EF08733DB70010E9CD /* Build configuration list for PBXProject "hgehelp" */;
			compatibilityVersion = "Xcode 3.1";
			developmentRegion = English;
			hasScannedForEncodings = 1;
			knownRegions = (
				English,
				Japanese,
				French,
				German,
			);
			mainGroup = 08FB7794FE84155DC02AAC07 /* hgehelp */;
			projectDirPath = "";
			projectRoot = "";
			targets = (
				D2AAC045055464E500DB518D /* hgehelp */,
			);
		};
/* End PBXProject section */

/* Begin PBXSourcesBuildPhase section */
		D2AAC044055464E500DB518D /* Sources */ = {
			isa = PBXSourcesBuildPhase;
			buildActionMask = 2147483647;
			files = (
				56646D1A11DD47090018A9F4 /* hgeanim.cpp in Sources */,
				56646D1B11DD47090018A9F4 /* hgecolor.cpp in Sources */,
				56646D1C11DD47090018A9F4 /* hgedistort.cpp in Sources */,
				56646D1D11DD47090018A9F4 /* hgefont.cpp in Sources */,
				56646D1E11DD47090018A9F4 /* hgegui.cpp in Sources */,
				56646D1F11DD47090018A9F4 /* hgeguictrls.cpp in Sources */,
				56646D2011DD47090018A9F4 /* hgeparticle.cpp in Sources */,
				56646D2111DD47090018A9F4 /* hgepmanager.cpp in Sources */,
				56646D2211DD47090018A9F4 /* hgerect.cpp in Sources */,
				56646D2311DD47090018A9F4 /* hgeresource.cpp in Sources */,
				56646D2411DD47090018A9F4 /* hgesprite.cpp in Sources */,
				56646D2511DD47090018A9F4 /* hgestrings.cpp in Sources */,
				56646D2611DD47090018A9F4 /* hgevector.cpp in Sources */,
				56646D2711DD47090018A9F4 /* parser.cpp in Sources */,
				56646D2911DD47090018A9F4 /* resources.cpp in Sources */,
			);
			runOnlyForDeploymentPostprocessing = 0;
		};
/* End PBXSourcesBuildPhase section */

/* Begin XCBuildConfiguration section */
		1DEB91EC08733DB70010E9CD /* Debug */ = {
			isa = XCBuildConfiguration;
			buildSettings = {
				ALWAYS_SEARCH_USER_PATHS = NO;
				COPY_PHASE_STRIP = NO;
				GCC_DYNAMIC_NO_PIC = NO;
				GCC_ENABLE_FIX_AND_CONTINUE = YES;
				GCC_MODEL_TUNING = G5;
				GCC_OPTIMIZATION_LEVEL = 0;
				INSTALL_PATH = /usr/local/lib;
				PRODUCT_NAME = hgehelp;
			};
			name = Debug;
		};
		1DEB91ED08733DB70010E9CD /* Release */ = {
			isa = XCBuildConfiguration;
			buildSettings = {
				ALWAYS_SEARCH_USER_PATHS = NO;
				DEBUG_INFORMATION_FORMAT = "dwarf-with-dsym";
				GCC_MODEL_TUNING = G5;
				INSTALL_PATH = /usr/local/lib;
				PRODUCT_NAME = hgehelp;
			};
			name = Release;
		};
		1DEB91F008733DB70010E9CD /* Debug */ = {
			isa = XCBuildConfiguration;
			buildSettings = {
				ARCHS = "$(ARCHS_STANDARD_32_BIT)";
				GCC_C_LANGUAGE_STANDARD = gnu99;
				GCC_OPTIMIZATION_LEVEL = 0;
				GCC_PREPROCESSOR_DEFINITIONS = (
					OSX,
					DEBUG,
				);
				GCC_VERSION = 4.0;
				GCC_WARN_ABOUT_RETURN_TYPE = YES;
				GCC_WARN_UNUSED_VARIABLE = YES;
				HEADER_SEARCH_PATHS = (
					../../../source,
					../../../third_party,
				);
				OBJROOT = ../../../temp/osx/hgehelp;
				ONLY_ACTIVE_ARCH = YES;
				PREBINDING = NO;
				SDKROOT = macosx10.4;
				SYMROOT = ../../../lib/osx/hgehelp;
			};
			name = Debug;
		};
		1DEB91F108733DB70010E9CD /* Release */ = {
			isa = XCBuildConfiguration;
			buildSettings = {
				ARCHS = "$(ARCHS_STANDARD_32_BIT)";
				GCC_C_LANGUAGE_STANDARD = gnu99;
				GCC_OPTIMIZATION_LEVEL = 0;
				GCC_PREPROCESSOR_DEFINITIONS = OSX;
				GCC_VERSION = 4.0;
				GCC_WARN_ABOUT_RETURN_TYPE = YES;
				GCC_WARN_UNUSED_VARIABLE = YES;
				HEADER_SEARCH_PATHS = (
					../../../source,
					../../../third_party,
				);
				OBJROOT = ../../../temp/osx/hgehelp;
				PREBINDING = NO;
				SDKROOT = macosx10.4;
				SYMROOT = ../../../lib/osx/hgehelp;
			};
			name = Release;
		};
/* End XCBuildConfiguration section */

/* Begin XCConfigurationList section */
		1DEB91EB08733DB70010E9CD /* Build configuration list for PBXNativeTarget "hgehelp" */ = {
			isa = XCConfigurationList;
			buildConfigurations = (
				1DEB91EC08733DB70010E9CD /* Debug */,
				1DEB91ED08733DB70010E9CD /* Release */,
			);
			defaultConfigurationIsVisible = 0;
			defaultConfigurationName = Release;
		};
		1DEB91EF08733DB70010E9CD /* Build configuration list for PBXProject "hgehelp" */ = {
			isa = XCConfigurationList;
			buildConfigurations = (
				1DEB91F008733DB70010E9CD /* Debug */,
				1DEB91F108733DB70010E9CD /* Release */,
			);
			defaultConfigurationIsVisible = 0;
			defaultConfigurationName = Release;
		};
/* End XCConfigurationList section */
	};
	rootObject = 08FB7793FE84155DC02AAC07 /* Project object */;
}
